
Microsoft Visual Studio Solution File, Format Version 12.00
# Visual Studio Version 17
VisualStudioVersion = 17.0.31912.275
MinimumVisualStudioVersion = 10.0.40219.1
Project("{9A19103F-16F7-4668-BE54-9A1E7A4F7556}") = "Nextended.Core", "Nextended.Core\Nextended.Core.csproj", "{46F7F151-695E-4870-BF38-34C29D6CCB87}"
EndProject
Project("{2150E333-8FDC-42A3-9474-1A3956D46DE8}") = "Tests", "Tests", "{F2BB2CA6-61AA-4F6B-A11B-ECC15F3A8780}"
EndProject
Project("{2150E333-8FDC-42A3-9474-1A3956D46DE8}") = "Solution Items", "Solution Items", "{582A2BB3-050A-4878-9EA2-E4AD1212967A}"
	ProjectSection(SolutionItems) = preProject
		icon.png = icon.png
		README.md = README.md
		Shared.props = Shared.props
		SolutionInfo.cs = SolutionInfo.cs
		version.json = version.json
	EndProjectSection
EndProject
Project("{9A19103F-16F7-4668-BE54-9A1E7A4F7556}") = "Nextended.Core.Tests", "Nextended.Core.Tests\Nextended.Core.Tests.csproj", "{93D5B123-1BEF-48EC-9083-B6180BB7042B}"
EndProject
Project("{9A19103F-16F7-4668-BE54-9A1E7A4F7556}") = "Nextended.Web", "Nextended.Web\Nextended.Web.csproj", "{D164FCBB-93C3-41C5-ADBE-6E7A94E51518}"
EndProject
Project("{9A19103F-16F7-4668-BE54-9A1E7A4F7556}") = "Nextended.Imaging", "Nextended.Imaging\Nextended.Imaging.csproj", "{C78BBDA4-88A3-4562-8FC6-2990DBD85F67}"
EndProject
Project("{9A19103F-16F7-4668-BE54-9A1E7A4F7556}") = "Nextended.UI", "Nextended.UI\Nextended.UI.csproj", "{83F2D604-8395-4FCD-85D5-9EEEC7908612}"
EndProject
Project("{9A19103F-16F7-4668-BE54-9A1E7A4F7556}") = "Nextended.AutoDto", "Nextended.AutoDto\Nextended.AutoDto.csproj", "{DFFA9DEA-0F64-4CFC-95DB-9A0817C89D7F}"
EndProject
Project("{9A19103F-16F7-4668-BE54-9A1E7A4F7556}") = "Nextended.Cache", "Nextended.Cache\Nextended.Cache.csproj", "{3F8389AC-617F-47EC-8C41-D724070D5ED3}"
EndProject
Project("{FAE04EC0-301F-11D3-BF4B-00C04F79EFBC}") = "Nextended.Blazor", "Nextended.Blazor\Nextended.Blazor.csproj", "{EE3C9425-AFE2-4B3A-B83F-1B77A4857A0B}"
EndProject
Project("{FAE04EC0-301F-11D3-BF4B-00C04F79EFBC}") = "Nextended.Aspire", "Nextended.Aspire\Nextended.Aspire.csproj", "{6B8A799D-2754-4C47-B4DD-8AA04312A39C}"
EndProject
Project("{FAE04EC0-301F-11D3-BF4B-00C04F79EFBC}") = "Nextended.EF", "Nextended.EF\Nextended.EF.csproj", "{BDFC731B-E6EB-4D4B-8F03-690D38C47BFD}"
EndProject
Project("{FAE04EC0-301F-11D3-BF4B-00C04F79EFBC}") = "Nextended.CodeGen", "Nextended.CodeGen\Nextended.CodeGen.csproj", "{BAB29403-7984-466E-BA0E-63DE43F00F14}"
EndProject
Project("{FAE04EC0-301F-11D3-BF4B-00C04F79EFBC}") = "CodeGenSample", "CodeGenSample\CodeGenSample.csproj", "{F47E52BF-1D98-4AB6-A322-A39A7E2B441B}"
EndProject
Global
	GlobalSection(SolutionConfigurationPlatforms) = preSolution
		Debug|Any CPU = Debug|Any CPU
		Release|Any CPU = Release|Any CPU
	EndGlobalSection
	GlobalSection(ProjectConfigurationPlatforms) = postSolution
		{46F7F151-695E-4870-BF38-34C29D6CCB87}.Debug|Any CPU.ActiveCfg = Debug|Any CPU
		{46F7F151-695E-4870-BF38-34C29D6CCB87}.Debug|Any CPU.Build.0 = Debug|Any CPU
		{46F7F151-695E-4870-BF38-34C29D6CCB87}.Release|Any CPU.ActiveCfg = Release|Any CPU
		{46F7F151-695E-4870-BF38-34C29D6CCB87}.Release|Any CPU.Build.0 = Release|Any CPU
		{93D5B123-1BEF-48EC-9083-B6180BB7042B}.Debug|Any CPU.ActiveCfg = Debug|Any CPU
		{93D5B123-1BEF-48EC-9083-B6180BB7042B}.Debug|Any CPU.Build.0 = Debug|Any CPU
		{93D5B123-1BEF-48EC-9083-B6180BB7042B}.Release|Any CPU.ActiveCfg = Release|Any CPU
		{93D5B123-1BEF-48EC-9083-B6180BB7042B}.Release|Any CPU.Build.0 = Release|Any CPU
		{D164FCBB-93C3-41C5-ADBE-6E7A94E51518}.Debug|Any CPU.ActiveCfg = Debug|Any CPU
		{D164FCBB-93C3-41C5-ADBE-6E7A94E51518}.Debug|Any CPU.Build.0 = Debug|Any CPU
		{D164FCBB-93C3-41C5-ADBE-6E7A94E51518}.Release|Any CPU.ActiveCfg = Release|Any CPU
		{D164FCBB-93C3-41C5-ADBE-6E7A94E51518}.Release|Any CPU.Build.0 = Release|Any CPU
		{C78BBDA4-88A3-4562-8FC6-2990DBD85F67}.Debug|Any CPU.ActiveCfg = Debug|Any CPU
		{C78BBDA4-88A3-4562-8FC6-2990DBD85F67}.Debug|Any CPU.Build.0 = Debug|Any CPU
		{C78BBDA4-88A3-4562-8FC6-2990DBD85F67}.Release|Any CPU.ActiveCfg = Release|Any CPU
		{C78BBDA4-88A3-4562-8FC6-2990DBD85F67}.Release|Any CPU.Build.0 = Release|Any CPU
		{83F2D604-8395-4FCD-85D5-9EEEC7908612}.Debug|Any CPU.ActiveCfg = Debug|Any CPU
		{83F2D604-8395-4FCD-85D5-9EEEC7908612}.Debug|Any CPU.Build.0 = Debug|Any CPU
		{83F2D604-8395-4FCD-85D5-9EEEC7908612}.Release|Any CPU.ActiveCfg = Release|Any CPU
		{83F2D604-8395-4FCD-85D5-9EEEC7908612}.Release|Any CPU.Build.0 = Release|Any CPU
		{DFFA9DEA-0F64-4CFC-95DB-9A0817C89D7F}.Debug|Any CPU.ActiveCfg = Debug|Any CPU
		{DFFA9DEA-0F64-4CFC-95DB-9A0817C89D7F}.Release|Any CPU.ActiveCfg = Release|Any CPU
		{DFFA9DEA-0F64-4CFC-95DB-9A0817C89D7F}.Release|Any CPU.Build.0 = Release|Any CPU
		{3F8389AC-617F-47EC-8C41-D724070D5ED3}.Debug|Any CPU.ActiveCfg = Debug|Any CPU
		{3F8389AC-617F-47EC-8C41-D724070D5ED3}.Debug|Any CPU.Build.0 = Debug|Any CPU
		{3F8389AC-617F-47EC-8C41-D724070D5ED3}.Release|Any CPU.ActiveCfg = Release|Any CPU
		{3F8389AC-617F-47EC-8C41-D724070D5ED3}.Release|Any CPU.Build.0 = Release|Any CPU
		{EE3C9425-AFE2-4B3A-B83F-1B77A4857A0B}.Debug|Any CPU.ActiveCfg = Debug|Any CPU
		{EE3C9425-AFE2-4B3A-B83F-1B77A4857A0B}.Debug|Any CPU.Build.0 = Debug|Any CPU
		{EE3C9425-AFE2-4B3A-B83F-1B77A4857A0B}.Release|Any CPU.ActiveCfg = Release|Any CPU
		{EE3C9425-AFE2-4B3A-B83F-1B77A4857A0B}.Release|Any CPU.Build.0 = Release|Any CPU
		{6B8A799D-2754-4C47-B4DD-8AA04312A39C}.Debug|Any CPU.ActiveCfg = Debug|Any CPU
		{6B8A799D-2754-4C47-B4DD-8AA04312A39C}.Debug|Any CPU.Build.0 = Debug|Any CPU
		{6B8A799D-2754-4C47-B4DD-8AA04312A39C}.Release|Any CPU.ActiveCfg = Release|Any CPU
		{6B8A799D-2754-4C47-B4DD-8AA04312A39C}.Release|Any CPU.Build.0 = Release|Any CPU
		{BDFC731B-E6EB-4D4B-8F03-690D38C47BFD}.Debug|Any CPU.ActiveCfg = Debug|Any CPU
		{BDFC731B-E6EB-4D4B-8F03-690D38C47BFD}.Debug|Any CPU.Build.0 = Debug|Any CPU
		{BDFC731B-E6EB-4D4B-8F03-690D38C47BFD}.Release|Any CPU.ActiveCfg = Release|Any CPU
		{BDFC731B-E6EB-4D4B-8F03-690D38C47BFD}.Release|Any CPU.Build.0 = Release|Any CPU
		{BAB29403-7984-466E-BA0E-63DE43F00F14}.Debug|Any CPU.ActiveCfg = Debug|Any CPU
		{BAB29403-7984-466E-BA0E-63DE43F00F14}.Debug|Any CPU.Build.0 = Debug|Any CPU
		{BAB29403-7984-466E-BA0E-63DE43F00F14}.Release|Any CPU.ActiveCfg = Release|Any CPU
		{BAB29403-7984-466E-BA0E-63DE43F00F14}.Release|Any CPU.Build.0 = Release|Any CPU
		{F47E52BF-1D98-4AB6-A322-A39A7E2B441B}.Debug|Any CPU.ActiveCfg = Debug|Any CPU
		{F47E52BF-1D98-4AB6-A322-A39A7E2B441B}.Debug|Any CPU.Build.0 = Debug|Any CPU
		{F47E52BF-1D98-4AB6-A322-A39A7E2B441B}.Release|Any CPU.ActiveCfg = Release|Any CPU
		{F47E52BF-1D98-4AB6-A322-A39A7E2B441B}.Release|Any CPU.Build.0 = Release|Any CPU
	EndGlobalSection
	GlobalSection(SolutionProperties) = preSolution
		HideSolutionNode = FALSE
	EndGlobalSection
	GlobalSection(NestedProjects) = preSolution
		{93D5B123-1BEF-48EC-9083-B6180BB7042B} = {F2BB2CA6-61AA-4F6B-A11B-ECC15F3A8780}
		{F47E52BF-1D98-4AB6-A322-A39A7E2B441B} = {F2BB2CA6-61AA-4F6B-A11B-ECC15F3A8780}
	EndGlobalSection
	GlobalSection(ExtensibilityGlobals) = postSolution
		SolutionGuid = {FC5F22DF-2A62-44A9-B2CE-99CD74693F06}
	EndGlobalSection
EndGlobal
